
Microsoft Visual Studio Solution File, Format Version 12.00
# Visual Studio 15
VisualStudioVersion = 15.0.27703.2000
MinimumVisualStudioVersion = 10.0.40219.1
Project("{9A19103F-16F7-4668-BE54-9A1E7A4F7556}") = "Angular6_Demo", "Angular6_Demo\Angular6_Demo.csproj", "{BCAF0B6B-5DAE-46A0-8F68-1BE444BFEEFD}"
EndProject
Project("{FAE04EC0-301F-11D3-BF4B-00C04F79EFBC}") = "Angular6_Demo_DataAccessLayer", "Angular6_Demo_DataAccessLayer\Angular6_Demo_DataAccessLayer.csproj", "{A5C9182D-7B54-4782-AE95-5195BCCF9E30}"
EndProject
Project("{FAE04EC0-301F-11D3-BF4B-00C04F79EFBC}") = "Angular6_Demo_BusinessObjects", "Angular6_Demo_BusinessObjects\Angular6_Demo_BusinessObjects.csproj", "{404C0DE4-735D-4679-8453-E46D70953CDA}"
EndProject
Project("{FAE04EC0-301F-11D3-BF4B-00C04F79EFBC}") = "Angular6_Demo_Entitys", "Angular6_Demo_Entitys\Angular6_Demo_Entitys.csproj", "{68FAE984-1BF4-4424-A728-21BFD297D8B9}"
EndProject
Project("{FAE04EC0-301F-11D3-BF4B-00C04F79EFBC}") = "Angular6_Demo_BusinessAccessLayer", "Angular6_Demo_BusinessAccessLayer\Angular6_Demo_BusinessAccessLayer.csproj", "{FE69CB00-E7AC-4015-B955-0AC3B7923106}"
EndProject
Global
	GlobalSection(SolutionConfigurationPlatforms) = preSolution
		Debug|Any CPU = Debug|Any CPU
		Release|Any CPU = Release|Any CPU
	EndGlobalSection
	GlobalSection(ProjectConfigurationPlatforms) = postSolution
		{BCAF0B6B-5DAE-46A0-8F68-1BE444BFEEFD}.Debug|Any CPU.ActiveCfg = Debug|Any CPU
		{BCAF0B6B-5DAE-46A0-8F68-1BE444BFEEFD}.Debug|Any CPU.Build.0 = Debug|Any CPU
		{BCAF0B6B-5DAE-46A0-8F68-1BE444BFEEFD}.Release|Any CPU.ActiveCfg = Release|Any CPU
		{BCAF0B6B-5DAE-46A0-8F68-1BE444BFEEFD}.Release|Any CPU.Build.0 = Release|Any CPU
		{A5C9182D-7B54-4782-AE95-5195BCCF9E30}.Debug|Any CPU.ActiveCfg = Debug|Any CPU
		{A5C9182D-7B54-4782-AE95-5195BCCF9E30}.Debug|Any CPU.Build.0 = Debug|Any CPU
		{A5C9182D-7B54-4782-AE95-5195BCCF9E30}.Release|Any CPU.ActiveCfg = Release|Any CPU
		{A5C9182D-7B54-4782-AE95-5195BCCF9E30}.Release|Any CPU.Build.0 = Release|Any CPU
		{404C0DE4-735D-4679-8453-E46D70953CDA}.Debug|Any CPU.ActiveCfg = Debug|Any CPU
		{404C0DE4-735D-4679-8453-E46D70953CDA}.Debug|Any CPU.Build.0 = Debug|Any CPU
		{404C0DE4-735D-4679-8453-E46D70953CDA}.Release|Any CPU.ActiveCfg = Release|Any CPU
		{404C0DE4-735D-4679-8453-E46D70953CDA}.Release|Any CPU.Build.0 = Release|Any CPU
		{68FAE984-1BF4-4424-A728-21BFD297D8B9}.Debug|Any CPU.ActiveCfg = Debug|Any CPU
		{68FAE984-1BF4-4424-A728-21BFD297D8B9}.Debug|Any CPU.Build.0 = Debug|Any CPU
		{68FAE984-1BF4-4424-A728-21BFD297D8B9}.Release|Any CPU.ActiveCfg = Release|Any CPU
		{68FAE984-1BF4-4424-A728-21BFD297D8B9}.Release|Any CPU.Build.0 = Release|Any CPU
		{FE69CB00-E7AC-4015-B955-0AC3B7923106}.Debug|Any CPU.ActiveCfg = Debug|Any CPU
		{FE69CB00-E7AC-4015-B955-0AC3B7923106}.Debug|Any CPU.Build.0 = Debug|Any CPU
		{FE69CB00-E7AC-4015-B955-0AC3B7923106}.Release|Any CPU.ActiveCfg = Release|Any CPU
		{FE69CB00-E7AC-4015-B955-0AC3B7923106}.Release|Any CPU.Build.0 = Release|Any CPU
	EndGlobalSection
	GlobalSection(SolutionProperties) = preSolution
		HideSolutionNode = FALSE
	EndGlobalSection
	GlobalSection(ExtensibilityGlobals) = postSolution
		SolutionGuid = {020BE711-E535-4EE4-B51D-C17DE9B727EA}
	EndGlobalSection
EndGlobal
